# This file is generated by running "yarn install" inside your project.
# Manual changes might be lost - proceed with caution!

__metadata:
  version: 6
  cacheKey: 8

"@types/node@npm:^20.5.6":
  version: 20.5.6
  resolution: "@types/node@npm:20.5.6"
  checksum: d2ce44f1cfa3fd00fe7426f7cf9a46d680cd57802b874ed5618e7d9101a9c6b8de37f08c0e7185ee06fb363ad492549c3ea69665c7e8e31c7813210ed8e89005
  languageName: node
  linkType: hard

"array-shuffle@npm:^3.0.0":
  version: 3.0.0
  resolution: "array-shuffle@npm:3.0.0"
  checksum: 003d813f10d6a57174d134d46d9465e0ca76a802a8c2d21c4b42513af914d4a25b3c51a3004c3d170c3a7b2caab356108c34455c327b21537978a6417cfde1d7
  languageName: node
  linkType: hard

"gwta@workspace:.":
  version: 0.0.0-use.local
  resolution: "gwta@workspace:."
  dependencies:
    "@types/node": ^20.5.6
    array-shuffle: ^3.0.0
    prettier: ^3.0.2
    typescript: ^5.1.6
  languageName: unknown
  linkType: soft

"prettier@npm:^3.0.2":
  version: 3.0.2
  resolution: "prettier@npm:3.0.2"
  bin:
    prettier: bin/prettier.cjs
  checksum: 118b59ddb6c80abe2315ab6d0f4dd1b253be5cfdb20622fa5b65bb1573dcd362e6dd3dcf2711dd3ebfe64aecf7bdc75de8a69dc2422dcd35bdde7610586b677a
  languageName: node
  linkType: hard

"typescript@npm:^5.1.6":
  version: 5.1.6
  resolution: "typescript@npm:5.1.6"
  bin:
    tsc: bin/tsc
    tsserver: bin/tsserver
  checksum: b2f2c35096035fe1f5facd1e38922ccb8558996331405eb00a5111cc948b2e733163cc22fab5db46992aba7dd520fff637f2c1df4996ff0e134e77d3249a7350
  languageName: node
  linkType: hard

"typescript@patch:typescript@^5.1.6#~builtin<compat/typescript>":
  version: 5.1.6
  resolution: "typescript@patch:typescript@npm%3A5.1.6#~builtin<compat/typescript>::version=5.1.6&hash=5da071"
  bin:
    tsc: bin/tsc
    tsserver: bin/tsserver
  checksum: f53bfe97f7c8b2b6d23cf572750d4e7d1e0c5fff1c36d859d0ec84556a827b8785077bc27676bf7e71fae538e517c3ecc0f37e7f593be913d884805d931bc8be
  languageName: node
  linkType: hard
